
Microsoft Visual Studio Solution File, Format Version 12.00
# Visual Studio 14
VisualStudioVersion = 14.0.24720.0
MinimumVisualStudioVersion = 10.0.40219.1
Project("{FAE04EC0-301F-11D3-BF4B-00C04F79EFBC}") = "ProjectZero", "ProjectZero\ProjectZero.csproj", "{AE145AED-6F81-4B06-95C7-8E3B3BAFD34E}"
EndProject
Global
	GlobalSection(SolutionConfigurationPlatforms) = preSolution
		Debug|Any CPU = Debug|Any CPU
		Release|Any CPU = Release|Any CPU
	EndGlobalSection
	GlobalSection(ProjectConfigurationPlatforms) = postSolution
		{AE145AED-6F81-4B06-95C7-8E3B3BAFD34E}.Debug|Any CPU.ActiveCfg = Debug|Any CPU
		{AE145AED-6F81-4B06-95C7-8E3B3BAFD34E}.Debug|Any CPU.Build.0 = Debug|Any CPU
		{AE145AED-6F81-4B06-95C7-8E3B3BAFD34E}.Release|Any CPU.ActiveCfg = Release|Any CPU
		{AE145AED-6F81-4B06-95C7-8E3B3BAFD34E}.Release|Any CPU.Build.0 = Release|Any CPU
	EndGlobalSection
	GlobalSection(SolutionProperties) = preSolution
		HideSolutionNode = FALSE
	EndGlobalSection
EndGlobal
